{
  "name": "portfolio-website",
  "lockfileVersion": 3,
  "requires": true,
  "packages": {
    "": {
      "dependencies": {
        "logrocket": "^12.1.0"
      }
    },
    "node_modules/logrocket": {
      "version": "12.1.0",
      "resolved": "https://registry.npmjs.org/logrocket/-/logrocket-12.1.0.tgz",
      "integrity": "sha512-WZXCwtPam15ktseKzP2SAd2PgHXmr41++8Lgg30VyW/mpAbHaJAZm5//C+l9Yt5x6HLfwH76PuY47RXpKUvTuA==",
      "license": "MIT"
    }
  }
}
